
Microsoft Visual Studio Solution File, Format Version 12.00
# Visual Studio Version 17
VisualStudioVersion = 17.2.32616.157
MinimumVisualStudioVersion = 10.0.40219.1
Project("{FAE04EC0-301F-11D3-BF4B-00C04F79EFBC}") = "Engenhos1", "Engenhos1\Engenhos1.csproj", "{BD7CDC83-CB38-4CA8-B586-C877D9585B1A}"
EndProject
Global
	GlobalSection(SolutionConfigurationPlatforms) = preSolution
		Debug|Any CPU = Debug|Any CPU
		Release|Any CPU = Release|Any CPU
	EndGlobalSection
	GlobalSection(ProjectConfigurationPlatforms) = postSolution
		{BD7CDC83-CB38-4CA8-B586-C877D9585B1A}.Debug|Any CPU.ActiveCfg = Debug|Any CPU
		{BD7CDC83-CB38-4CA8-B586-C877D9585B1A}.Debug|Any CPU.Build.0 = Debug|Any CPU
		{BD7CDC83-CB38-4CA8-B586-C877D9585B1A}.Release|Any CPU.ActiveCfg = Release|Any CPU
		{BD7CDC83-CB38-4CA8-B586-C877D9585B1A}.Release|Any CPU.Build.0 = Release|Any CPU
	EndGlobalSection
	GlobalSection(SolutionProperties) = preSolution
		HideSolutionNode = FALSE
	EndGlobalSection
	GlobalSection(ExtensibilityGlobals) = postSolution
		SolutionGuid = {B97EF5B0-4FAC-41A9-807A-029E6974B670}
	EndGlobalSection
EndGlobal
